// !$*UTF8*$!
{
	archiveVersion = 1;
	classes = {
	};
	objectVersion = 51;
	objects = {

/* Begin PBXBuildFile section */
		A00D63BD25844AA90035E3FB /* InitialViewController.swift in Sources */ = {isa = PBXBuildFile; fileRef = A00D63BC25844AA90035E3FB /* InitialViewController.swift */; };
		A022950B2582CC280040C7A5 /* AuthToken.swift in Sources */ = {isa = PBXBuildFile; fileRef = A022950A2582CC280040C7A5 /* AuthToken.swift */; };
		A022950F2582DF130040C7A5 /* AttributedStringExtension.swift in Sources */ = {isa = PBXBuildFile; fileRef = A022950E2582DF130040C7A5 /* AttributedStringExtension.swift */; };
		A02295122582E12E0040C7A5 /* UIButtonExtension.swift in Sources */ = {isa = PBXBuildFile; fileRef = A02295112582E12E0040C7A5 /* UIButtonExtension.swift */; };
		A02295192582E3C50040C7A5 /* ProfilesViewController.swift in Sources */ = {isa = PBXBuildFile; fileRef = A02295182582E3C50040C7A5 /* ProfilesViewController.swift */; };
		A022951C2582E6040040C7A5 /* ProfileTableViewCell.swift in Sources */ = {isa = PBXBuildFile; fileRef = A022951B2582E6040040C7A5 /* ProfileTableViewCell.swift */; };
		A022951F2582E89F0040C7A5 /* ProfilesTableViewDataSource.swift in Sources */ = {isa = PBXBuildFile; fileRef = A022951E2582E89F0040C7A5 /* ProfilesTableViewDataSource.swift */; };
		A02295222582E8CB0040C7A5 /* Profiles.swift in Sources */ = {isa = PBXBuildFile; fileRef = A02295212582E8CB0040C7A5 /* Profiles.swift */; };
		A02295252583F6720040C7A5 /* ServiceManager.swift in Sources */ = {isa = PBXBuildFile; fileRef = A02295242583F6720040C7A5 /* ServiceManager.swift */; };
		A0229528258411200040C7A5 /* Header.swift in Sources */ = {isa = PBXBuildFile; fileRef = A0229527258411200040C7A5 /* Header.swift */; };
		A022952C258420E40040C7A5 /* Profile.swift in Sources */ = {isa = PBXBuildFile; fileRef = A022952B258420E40040C7A5 /* Profile.swift */; };
		A0C5085C2582C7C500AE3C75 /* AppDelegate.swift in Sources */ = {isa = PBXBuildFile; fileRef = A0C5085B2582C7C500AE3C75 /* AppDelegate.swift */; };
		A0C5085E2582C7C500AE3C75 /* SceneDelegate.swift in Sources */ = {isa = PBXBuildFile; fileRef = A0C5085D2582C7C500AE3C75 /* SceneDelegate.swift */; };
		A0C508602582C7C500AE3C75 /* ViewController.swift in Sources */ = {isa = PBXBuildFile; fileRef = A0C5085F2582C7C500AE3C75 /* ViewController.swift */; };
		A0C508632582C7C500AE3C75 /* Main.storyboard in Resources */ = {isa = PBXBuildFile; fileRef = A0C508612582C7C500AE3C75 /* Main.storyboard */; };
		A0C508652582C7C700AE3C75 /* Assets.xcassets in Resources */ = {isa = PBXBuildFile; fileRef = A0C508642582C7C700AE3C75 /* Assets.xcassets */; };
		A0C508682582C7C700AE3C75 /* LaunchScreen.storyboard in Resources */ = {isa = PBXBuildFile; fileRef = A0C508662582C7C700AE3C75 /* LaunchScreen.storyboard */; };
		A0C508812582C80300AE3C75 /* HTTPMethod.swift in Sources */ = {isa = PBXBuildFile; fileRef = A0C508742582C80300AE3C75 /* HTTPMethod.swift */; };
		A0C508922582C91F00AE3C75 /* UIViewControllerExtension.swift in Sources */ = {isa = PBXBuildFile; fileRef = A0C5088D2582C91F00AE3C75 /* UIViewControllerExtension.swift */; };
		F1FB16A415E2542F05DEE0CD /* Pods_Morpheus.framework in Frameworks */ = {isa = PBXBuildFile; fileRef = 49B7FC3406848A47D9063008 /* Pods_Morpheus.framework */; };
/* End PBXBuildFile section */

/* Begin PBXFileReference section */
		49B7FC3406848A47D9063008 /* Pods_Morpheus.framework */ = {isa = PBXFileReference; explicitFileType = wrapper.framework; includeInIndex = 0; path = Pods_Morpheus.framework; sourceTree = BUILT_PRODUCTS_DIR; };
		671FB64182204453B5BC7405 /* Pods-Morpheus.debug.xcconfig */ = {isa = PBXFileReference; includeInIndex = 1; lastKnownFileType = text.xcconfig; name = "Pods-Morpheus.debug.xcconfig"; path = "Target Support Files/Pods-Morpheus/Pods-Morpheus.debug.xcconfig"; sourceTree = "<group>"; };
		A00D63BC25844AA90035E3FB /* InitialViewController.swift */ = {isa = PBXFileReference; lastKnownFileType = sourcecode.swift; path = InitialViewController.swift; sourceTree = "<group>"; };
		A022950A2582CC280040C7A5 /* AuthToken.swift */ = {isa = PBXFileReference; lastKnownFileType = sourcecode.swift; path = AuthToken.swift; sourceTree = "<group>"; };
		A022950E2582DF130040C7A5 /* AttributedStringExtension.swift */ = {isa = PBXFileReference; lastKnownFileType = sourcecode.swift; path = AttributedStringExtension.swift; sourceTree = "<group>"; };
		A02295112582E12E0040C7A5 /* UIButtonExtension.swift */ = {isa = PBXFileReference; lastKnownFileType = sourcecode.swift; path = UIButtonExtension.swift; sourceTree = "<group>"; };
		A02295182582E3C50040C7A5 /* ProfilesViewController.swift */ = {isa = PBXFileReference; lastKnownFileType = sourcecode.swift; path = ProfilesViewController.swift; sourceTree = "<group>"; };
		A022951B2582E6040040C7A5 /* ProfileTableViewCell.swift */ = {isa = PBXFileReference; lastKnownFileType = sourcecode.swift; path = ProfileTableViewCell.swift; sourceTree = "<group>"; };
		A022951E2582E89F0040C7A5 /* ProfilesTableViewDataSource.swift */ = {isa = PBXFileReference; lastKnownFileType = sourcecode.swift; path = ProfilesTableViewDataSource.swift; sourceTree = "<group>"; };
		A02295212582E8CB0040C7A5 /* Profiles.swift */ = {isa = PBXFileReference; lastKnownFileType = sourcecode.swift; path = Profiles.swift; sourceTree = "<group>"; };
		A02295242583F6720040C7A5 /* ServiceManager.swift */ = {isa = PBXFileReference; fileEncoding = 4; lastKnownFileType = sourcecode.swift; path = ServiceManager.swift; sourceTree = "<group>"; };
		A0229527258411200040C7A5 /* Header.swift */ = {isa = PBXFileReference; lastKnownFileType = sourcecode.swift; path = Header.swift; sourceTree = "<group>"; };
		A022952B258420E40040C7A5 /* Profile.swift */ = {isa = PBXFileReference; lastKnownFileType = sourcecode.swift; path = Profile.swift; sourceTree = "<group>"; };
		A0C508582582C7C500AE3C75 /* Morpheus.app */ = {isa = PBXFileReference; explicitFileType = wrapper.application; includeInIndex = 0; path = Morpheus.app; sourceTree = BUILT_PRODUCTS_DIR; };
		A0C5085B2582C7C500AE3C75 /* AppDelegate.swift */ = {isa = PBXFileReference; lastKnownFileType = sourcecode.swift; path = AppDelegate.swift; sourceTree = "<group>"; };
		A0C5085D2582C7C500AE3C75 /* SceneDelegate.swift */ = {isa = PBXFileReference; lastKnownFileType = sourcecode.swift; path = SceneDelegate.swift; sourceTree = "<group>"; };
		A0C5085F2582C7C500AE3C75 /* ViewController.swift */ = {isa = PBXFileReference; lastKnownFileType = sourcecode.swift; path = ViewController.swift; sourceTree = "<group>"; };
		A0C508622582C7C500AE3C75 /* Base */ = {isa = PBXFileReference; lastKnownFileType = file.storyboard; name = Base; path = Base.lproj/Main.storyboard; sourceTree = "<group>"; };
		A0C508642582C7C700AE3C75 /* Assets.xcassets */ = {isa = PBXFileReference; lastKnownFileType = folder.assetcatalog; path = Assets.xcassets; sourceTree = "<group>"; };
		A0C508672582C7C700AE3C75 /* Base */ = {isa = PBXFileReference; lastKnownFileType = file.storyboard; name = Base; path = Base.lproj/LaunchScreen.storyboard; sourceTree = "<group>"; };
		A0C508692582C7C700AE3C75 /* Info.plist */ = {isa = PBXFileReference; lastKnownFileType = text.plist.xml; path = Info.plist; sourceTree = "<group>"; };
		A0C508742582C80300AE3C75 /* HTTPMethod.swift */ = {isa = PBXFileReference; fileEncoding = 4; lastKnownFileType = sourcecode.swift; path = HTTPMethod.swift; sourceTree = "<group>"; };
		A0C5088D2582C91F00AE3C75 /* UIViewControllerExtension.swift */ = {isa = PBXFileReference; fileEncoding = 4; lastKnownFileType = sourcecode.swift; path = UIViewControllerExtension.swift; sourceTree = "<group>"; };
		D793B1181D5453F3A8A512E6 /* Pods-Morpheus.release.xcconfig */ = {isa = PBXFileReference; includeInIndex = 1; lastKnownFileType = text.xcconfig; name = "Pods-Morpheus.release.xcconfig"; path = "Target Support Files/Pods-Morpheus/Pods-Morpheus.release.xcconfig"; sourceTree = "<group>"; };
/* End PBXFileReference section */

/* Begin PBXFrameworksBuildPhase section */
		A0C508552582C7C400AE3C75 /* Frameworks */ = {
			isa = PBXFrameworksBuildPhase;
			buildActionMask = 2147483647;
			files = (
				F1FB16A415E2542F05DEE0CD /* Pods_Morpheus.framework in Frameworks */,
			);
			runOnlyForDeploymentPostprocessing = 0;
		};
/* End PBXFrameworksBuildPhase section */

/* Begin PBXGroup section */
		4459CE5CE220AF6D759F7FF7 /* Pods */ = {
			isa = PBXGroup;
			children = (
				671FB64182204453B5BC7405 /* Pods-Morpheus.debug.xcconfig */,
				D793B1181D5453F3A8A512E6 /* Pods-Morpheus.release.xcconfig */,
			);
			path = Pods;
			sourceTree = "<group>";
		};
		5C7359BBE1A8DE16613A2978 /* Frameworks */ = {
			isa = PBXGroup;
			children = (
				49B7FC3406848A47D9063008 /* Pods_Morpheus.framework */,
			);
			name = Frameworks;
			sourceTree = "<group>";
		};
		A00D63B1258448BF0035E3FB /* ViewControllers */ = {
			isa = PBXGroup;
			children = (
				A0C5085F2582C7C500AE3C75 /* ViewController.swift */,
				A02295182582E3C50040C7A5 /* ProfilesViewController.swift */,
				A00D63BC25844AA90035E3FB /* InitialViewController.swift */,
			);
			path = ViewControllers;
			sourceTree = "<group>";
		};
		A00D63B2258448C70035E3FB /* DataSources */ = {
			isa = PBXGroup;
			children = (
				A022951E2582E89F0040C7A5 /* ProfilesTableViewDataSource.swift */,
			);
			path = DataSources;
			sourceTree = "<group>";
		};
		A00D63B3258448CF0035E3FB /* TableViewCells */ = {
			isa = PBXGroup;
			children = (
				A022951B2582E6040040C7A5 /* ProfileTableViewCell.swift */,
			);
			path = TableViewCells;
			sourceTree = "<group>";
		};
		A02295092582CC0E0040C7A5 /* Models */ = {
			isa = PBXGroup;
			children = (
				A022950A2582CC280040C7A5 /* AuthToken.swift */,
				A02295212582E8CB0040C7A5 /* Profiles.swift */,
				A022952B258420E40040C7A5 /* Profile.swift */,
			);
			path = Models;
			sourceTree = "<group>";
		};
		A0C5084F2582C7C400AE3C75 = {
			isa = PBXGroup;
			children = (
				A0C5085A2582C7C500AE3C75 /* Morpheus */,
				A0C508592582C7C500AE3C75 /* Products */,
				4459CE5CE220AF6D759F7FF7 /* Pods */,
				5C7359BBE1A8DE16613A2978 /* Frameworks */,
			);
			sourceTree = "<group>";
		};
		A0C508592582C7C500AE3C75 /* Products */ = {
			isa = PBXGroup;
			children = (
				A0C508582582C7C500AE3C75 /* Morpheus.app */,
			);
			name = Products;
			sourceTree = "<group>";
		};
		A0C5085A2582C7C500AE3C75 /* Morpheus */ = {
			isa = PBXGroup;
			children = (
				A0C5085B2582C7C500AE3C75 /* AppDelegate.swift */,
				A0C508642582C7C700AE3C75 /* Assets.xcassets */,
				A00D63B2258448C70035E3FB /* DataSources */,
				A0C5088B2582C91F00AE3C75 /* Extensions */,
				A0C508692582C7C700AE3C75 /* Info.plist */,
				A0C508662582C7C700AE3C75 /* LaunchScreen.storyboard */,
				A0C508612582C7C500AE3C75 /* Main.storyboard */,
				A02295092582CC0E0040C7A5 /* Models */,
				A0C508702582C80300AE3C75 /* Networking */,
				A0C5085D2582C7C500AE3C75 /* SceneDelegate.swift */,
				A00D63B3258448CF0035E3FB /* TableViewCells */,
				A00D63B1258448BF0035E3FB /* ViewControllers */,
			);
			path = Morpheus;
			sourceTree = "<group>";
		};
		A0C508702582C80300AE3C75 /* Networking */ = {
			isa = PBXGroup;
			children = (
				A0C508712582C80300AE3C75 /* Enums */,
				A02295242583F6720040C7A5 /* ServiceManager.swift */,
			);
			path = Networking;
			sourceTree = "<group>";
		};
		A0C508712582C80300AE3C75 /* Enums */ = {
			isa = PBXGroup;
			children = (
				A0C508742582C80300AE3C75 /* HTTPMethod.swift */,
				A0229527258411200040C7A5 /* Header.swift */,
			);
			path = Enums;
			sourceTree = "<group>";
		};
		A0C5088B2582C91F00AE3C75 /* Extensions */ = {
			isa = PBXGroup;
			children = (
				A0C5088D2582C91F00AE3C75 /* UIViewControllerExtension.swift */,
				A022950E2582DF130040C7A5 /* AttributedStringExtension.swift */,
				A02295112582E12E0040C7A5 /* UIButtonExtension.swift */,
			);
			path = Extensions;
			sourceTree = "<group>";
		};
/* End PBXGroup section */

/* Begin PBXNativeTarget section */
		A0C508572582C7C400AE3C75 /* Morpheus */ = {
			isa = PBXNativeTarget;
			buildConfigurationList = A0C5086C2582C7C700AE3C75 /* Build configuration list for PBXNativeTarget "Morpheus" */;
			buildPhases = (
				45E55133945DDF148265217D /* [CP] Check Pods Manifest.lock */,
				A0C508542582C7C400AE3C75 /* Sources */,
				A0C508552582C7C400AE3C75 /* Frameworks */,
				A0C508562582C7C400AE3C75 /* Resources */,
				9A0CD2A0BD2C4391EF3E1596 /* [CP] Embed Pods Frameworks */,
			);
			buildRules = (
			);
			dependencies = (
			);
			name = Morpheus;
			productName = Morpheus;
			productReference = A0C508582582C7C500AE3C75 /* Morpheus.app */;
			productType = "com.apple.product-type.application";
		};
/* End PBXNativeTarget section */

/* Begin PBXProject section */
		A0C508502582C7C400AE3C75 /* Project object */ = {
			isa = PBXProject;
			attributes = {
				LastSwiftUpdateCheck = 1220;
				LastUpgradeCheck = 1220;
				TargetAttributes = {
					A0C508572582C7C400AE3C75 = {
						CreatedOnToolsVersion = 12.2;
					};
				};
			};
			buildConfigurationList = A0C508532582C7C400AE3C75 /* Build configuration list for PBXProject "Morpheus" */;
			compatibilityVersion = "Xcode 9.3";
			developmentRegion = en;
			hasScannedForEncodings = 0;
			knownRegions = (
				en,
				Base,
			);
			mainGroup = A0C5084F2582C7C400AE3C75;
			productRefGroup = A0C508592582C7C500AE3C75 /* Products */;
			projectDirPath = "";
			projectRoot = "";
			targets = (
				A0C508572582C7C400AE3C75 /* Morpheus */,
			);
		};
/* End PBXProject section */

/* Begin PBXResourcesBuildPhase section */
		A0C508562582C7C400AE3C75 /* Resources */ = {
			isa = PBXResourcesBuildPhase;
			buildActionMask = 2147483647;
			files = (
				A0C508682582C7C700AE3C75 /* LaunchScreen.storyboard in Resources */,
				A0C508652582C7C700AE3C75 /* Assets.xcassets in Resources */,
				A0C508632582C7C500AE3C75 /* Main.storyboard in Resources */,
			);
			runOnlyForDeploymentPostprocessing = 0;
		};
/* End PBXResourcesBuildPhase section */

/* Begin PBXShellScriptBuildPhase section */
		45E55133945DDF148265217D /* [CP] Check Pods Manifest.lock */ = {
			isa = PBXShellScriptBuildPhase;
			buildActionMask = 2147483647;
			files = (
			);
			inputFileListPaths = (
			);
			inputPaths = (
				"${PODS_PODFILE_DIR_PATH}/Podfile.lock",
				"${PODS_ROOT}/Manifest.lock",
			);
			name = "[CP] Check Pods Manifest.lock";
			outputFileListPaths = (
			);
			outputPaths = (
				"$(DERIVED_FILE_DIR)/Pods-Morpheus-checkManifestLockResult.txt",
			);
			runOnlyForDeploymentPostprocessing = 0;
			shellPath = /bin/sh;
			shellScript = "diff \"${PODS_PODFILE_DIR_PATH}/Podfile.lock\" \"${PODS_ROOT}/Manifest.lock\" > /dev/null\nif [ $? != 0 ] ; then\n    # print error to STDERR\n    echo \"error: The sandbox is not in sync with the Podfile.lock. Run 'pod install' or update your CocoaPods installation.\" >&2\n    exit 1\nfi\n# This output is used by Xcode 'outputs' to avoid re-running this script phase.\necho \"SUCCESS\" > \"${SCRIPT_OUTPUT_FILE_0}\"\n";
			showEnvVarsInLog = 0;
		};
		9A0CD2A0BD2C4391EF3E1596 /* [CP] Embed Pods Frameworks */ = {
			isa = PBXShellScriptBuildPhase;
			buildActionMask = 2147483647;
			files = (
			);
			inputFileListPaths = (
				"${PODS_ROOT}/Target Support Files/Pods-Morpheus/Pods-Morpheus-frameworks-${CONFIGURATION}-input-files.xcfilelist",
			);
			name = "[CP] Embed Pods Frameworks";
			outputFileListPaths = (
				"${PODS_ROOT}/Target Support Files/Pods-Morpheus/Pods-Morpheus-frameworks-${CONFIGURATION}-output-files.xcfilelist",
			);
			runOnlyForDeploymentPostprocessing = 0;
			shellPath = /bin/sh;
			shellScript = "\"${PODS_ROOT}/Target Support Files/Pods-Morpheus/Pods-Morpheus-frameworks.sh\"\n";
			showEnvVarsInLog = 0;
		};
/* End PBXShellScriptBuildPhase section */

/* Begin PBXSourcesBuildPhase section */
		A0C508542582C7C400AE3C75 /* Sources */ = {
			isa = PBXSourcesBuildPhase;
			buildActionMask = 2147483647;
			files = (
				A0C508602582C7C500AE3C75 /* ViewController.swift in Sources */,
				A02295122582E12E0040C7A5 /* UIButtonExtension.swift in Sources */,
				A022952C258420E40040C7A5 /* Profile.swift in Sources */,
				A02295222582E8CB0040C7A5 /* Profiles.swift in Sources */,
				A022951F2582E89F0040C7A5 /* ProfilesTableViewDataSource.swift in Sources */,
				A02295252583F6720040C7A5 /* ServiceManager.swift in Sources */,
				A0C508922582C91F00AE3C75 /* UIViewControllerExtension.swift in Sources */,
				A022951C2582E6040040C7A5 /* ProfileTableViewCell.swift in Sources */,
				A0C508812582C80300AE3C75 /* HTTPMethod.swift in Sources */,
				A022950F2582DF130040C7A5 /* AttributedStringExtension.swift in Sources */,
				A0C5085C2582C7C500AE3C75 /* AppDelegate.swift in Sources */,
				A02295192582E3C50040C7A5 /* ProfilesViewController.swift in Sources */,
				A022950B2582CC280040C7A5 /* AuthToken.swift in Sources */,
				A0229528258411200040C7A5 /* Header.swift in Sources */,
				A0C5085E2582C7C500AE3C75 /* SceneDelegate.swift in Sources */,
				A00D63BD25844AA90035E3FB /* InitialViewController.swift in Sources */,
			);
			runOnlyForDeploymentPostprocessing = 0;
		};
/* End PBXSourcesBuildPhase section */

/* Begin PBXVariantGroup section */
		A0C508612582C7C500AE3C75 /* Main.storyboard */ = {
			isa = PBXVariantGroup;
			children = (
				A0C508622582C7C500AE3C75 /* Base */,
			);
			name = Main.storyboard;
			sourceTree = "<group>";
		};
		A0C508662582C7C700AE3C75 /* LaunchScreen.storyboard */ = {
			isa = PBXVariantGroup;
			children = (
				A0C508672582C7C700AE3C75 /* Base */,
			);
			name = LaunchScreen.storyboard;
			sourceTree = "<group>";
		};
/* End PBXVariantGroup section */

/* Begin XCBuildConfiguration section */
		A0C5086A2582C7C700AE3C75 /* Debug */ = {
			isa = XCBuildConfiguration;
			buildSettings = {
				ALWAYS_SEARCH_USER_PATHS = NO;
				CLANG_ANALYZER_NONNULL = YES;
				CLANG_ANALYZER_NUMBER_OBJECT_CONVERSION = YES_AGGRESSIVE;
				CLANG_CXX_LANGUAGE_STANDARD = "gnu++14";
				CLANG_CXX_LIBRARY = "libc++";
				CLANG_ENABLE_MODULES = YES;
				CLANG_ENABLE_OBJC_ARC = YES;
				CLANG_ENABLE_OBJC_WEAK = YES;
				CLANG_WARN_BLOCK_CAPTURE_AUTORELEASING = YES;
				CLANG_WARN_BOOL_CONVERSION = YES;
				CLANG_WARN_COMMA = YES;
				CLANG_WARN_CONSTANT_CONVERSION = YES;
				CLANG_WARN_DEPRECATED_OBJC_IMPLEMENTATIONS = YES;
				CLANG_WARN_DIRECT_OBJC_ISA_USAGE = YES_ERROR;
				CLANG_WARN_DOCUMENTATION_COMMENTS = YES;
				CLANG_WARN_EMPTY_BODY = YES;
				CLANG_WARN_ENUM_CONVERSION = YES;
				CLANG_WARN_INFINITE_RECURSION = YES;
				CLANG_WARN_INT_CONVERSION = YES;
				CLANG_WARN_NON_LITERAL_NULL_CONVERSION = YES;
				CLANG_WARN_OBJC_IMPLICIT_RETAIN_SELF = YES;
				CLANG_WARN_OBJC_LITERAL_CONVERSION = YES;
				CLANG_WARN_OBJC_ROOT_CLASS = YES_ERROR;
				CLANG_WARN_QUOTED_INCLUDE_IN_FRAMEWORK_HEADER = YES;
				CLANG_WARN_RANGE_LOOP_ANALYSIS = YES;
				CLANG_WARN_STRICT_PROTOTYPES = YES;
				CLANG_WARN_SUSPICIOUS_MOVE = YES;
				CLANG_WARN_UNGUARDED_AVAILABILITY = YES_AGGRESSIVE;
				CLANG_WARN_UNREACHABLE_CODE = YES;
				CLANG_WARN__DUPLICATE_METHOD_MATCH = YES;
				COPY_PHASE_STRIP = NO;
				DEBUG_INFORMATION_FORMAT = dwarf;
				ENABLE_STRICT_OBJC_MSGSEND = YES;
				ENABLE_TESTABILITY = YES;
				GCC_C_LANGUAGE_STANDARD = gnu11;
				GCC_DYNAMIC_NO_PIC = NO;
				GCC_NO_COMMON_BLOCKS = YES;
				GCC_OPTIMIZATION_LEVEL = 0;
				GCC_PREPROCESSOR_DEFINITIONS = (
					"DEBUG=1",
					"$(inherited)",
				);
				GCC_WARN_64_TO_32_BIT_CONVERSION = YES;
				GCC_WARN_ABOUT_RETURN_TYPE = YES_ERROR;
				GCC_WARN_UNDECLARED_SELECTOR = YES;
				GCC_WARN_UNINITIALIZED_AUTOS = YES_AGGRESSIVE;
				GCC_WARN_UNUSED_FUNCTION = YES;
				GCC_WARN_UNUSED_VARIABLE = YES;
				IPHONEOS_DEPLOYMENT_TARGET = 14.2;
				MTL_ENABLE_DEBUG_INFO = INCLUDE_SOURCE;
				MTL_FAST_MATH = YES;
				ONLY_ACTIVE_ARCH = YES;
				SDKROOT = iphoneos;
				SWIFT_ACTIVE_COMPILATION_CONDITIONS = DEBUG;
				SWIFT_OPTIMIZATION_LEVEL = "-Onone";
			};
			name = Debug;
		};
		A0C5086B2582C7C700AE3C75 /* Release */ = {
			isa = XCBuildConfiguration;
			buildSettings = {
				ALWAYS_SEARCH_USER_PATHS = NO;
				CLANG_ANALYZER_NONNULL = YES;
				CLANG_ANALYZER_NUMBER_OBJECT_CONVERSION = YES_AGGRESSIVE;
				CLANG_CXX_LANGUAGE_STANDARD = "gnu++14";
				CLANG_CXX_LIBRARY = "libc++";
				CLANG_ENABLE_MODULES = YES;
				CLANG_ENABLE_OBJC_ARC = YES;
				CLANG_ENABLE_OBJC_WEAK = YES;
				CLANG_WARN_BLOCK_CAPTURE_AUTORELEASING = YES;
				CLANG_WARN_BOOL_CONVERSION = YES;
				CLANG_WARN_COMMA = YES;
				CLANG_WARN_CONSTANT_CONVERSION = YES;
				CLANG_WARN_DEPRECATED_OBJC_IMPLEMENTATIONS = YES;
				CLANG_WARN_DIRECT_OBJC_ISA_USAGE = YES_ERROR;
				CLANG_WARN_DOCUMENTATION_COMMENTS = YES;
				CLANG_WARN_EMPTY_BODY = YES;
				CLANG_WARN_ENUM_CONVERSION = YES;
				CLANG_WARN_INFINITE_RECURSION = YES;
				CLANG_WARN_INT_CONVERSION = YES;
				CLANG_WARN_NON_LITERAL_NULL_CONVERSION = YES;
				CLANG_WARN_OBJC_IMPLICIT_RETAIN_SELF = YES;
				CLANG_WARN_OBJC_LITERAL_CONVERSION = YES;
				CLANG_WARN_OBJC_ROOT_CLASS = YES_ERROR;
				CLANG_WARN_QUOTED_INCLUDE_IN_FRAMEWORK_HEADER = YES;
				CLANG_WARN_RANGE_LOOP_ANALYSIS = YES;
				CLANG_WARN_STRICT_PROTOTYPES = YES;
				CLANG_WARN_SUSPICIOUS_MOVE = YES;
				CLANG_WARN_UNGUARDED_AVAILABILITY = YES_AGGRESSIVE;
				CLANG_WARN_UNREACHABLE_CODE = YES;
				CLANG_WARN__DUPLICATE_METHOD_MATCH = YES;
				COPY_PHASE_STRIP = NO;
				DEBUG_INFORMATION_FORMAT = "dwarf-with-dsym";
				ENABLE_NS_ASSERTIONS = NO;
				ENABLE_STRICT_OBJC_MSGSEND = YES;
				GCC_C_LANGUAGE_STANDARD = gnu11;
				GCC_NO_COMMON_BLOCKS = YES;
				GCC_WARN_64_TO_32_BIT_CONVERSION = YES;
				GCC_WARN_ABOUT_RETURN_TYPE = YES_ERROR;
				GCC_WARN_UNDECLARED_SELECTOR = YES;
				GCC_WARN_UNINITIALIZED_AUTOS = YES_AGGRESSIVE;
				GCC_WARN_UNUSED_FUNCTION = YES;
				GCC_WARN_UNUSED_VARIABLE = YES;
				IPHONEOS_DEPLOYMENT_TARGET = 14.2;
				MTL_ENABLE_DEBUG_INFO = NO;
				MTL_FAST_MATH = YES;
				SDKROOT = iphoneos;
				SWIFT_COMPILATION_MODE = wholemodule;
				SWIFT_OPTIMIZATION_LEVEL = "-O";
				VALIDATE_PRODUCT = YES;
			};
			name = Release;
		};
		A0C5086D2582C7C700AE3C75 /* Debug */ = {
			isa = XCBuildConfiguration;
			baseConfigurationReference = 671FB64182204453B5BC7405 /* Pods-Morpheus.debug.xcconfig */;
			buildSettings = {
				ASSETCATALOG_COMPILER_APPICON_NAME = AppIcon;
				ASSETCATALOG_COMPILER_GLOBAL_ACCENT_COLOR_NAME = AccentColor;
				CODE_SIGN_STYLE = Automatic;
				DEVELOPMENT_TEAM = Y7LD5S292D;
				INFOPLIST_FILE = Morpheus/Info.plist;
				LD_RUNPATH_SEARCH_PATHS = (
					"$(inherited)",
					"@executable_path/Frameworks",
				);
				PRODUCT_BUNDLE_IDENTIFIER = com.luis.Morpheus;
				PRODUCT_NAME = "$(TARGET_NAME)";
				SWIFT_VERSION = 5.0;
				TARGETED_DEVICE_FAMILY = "1,2";
			};
			name = Debug;
		};
		A0C5086E2582C7C700AE3C75 /* Release */ = {
			isa = XCBuildConfiguration;
			baseConfigurationReference = D793B1181D5453F3A8A512E6 /* Pods-Morpheus.release.xcconfig */;
			buildSettings = {
				ASSETCATALOG_COMPILER_APPICON_NAME = AppIcon;
				ASSETCATALOG_COMPILER_GLOBAL_ACCENT_COLOR_NAME = AccentColor;
				CODE_SIGN_STYLE = Automatic;
				DEVELOPMENT_TEAM = Y7LD5S292D;
				INFOPLIST_FILE = Morpheus/Info.plist;
				LD_RUNPATH_SEARCH_PATHS = (
					"$(inherited)",
					"@executable_path/Frameworks",
				);
				PRODUCT_BUNDLE_IDENTIFIER = com.luis.Morpheus;
				PRODUCT_NAME = "$(TARGET_NAME)";
				SWIFT_VERSION = 5.0;
				TARGETED_DEVICE_FAMILY = "1,2";
			};
			name = Release;
		};
/* End XCBuildConfiguration section */

/* Begin XCConfigurationList section */
		A0C508532582C7C400AE3C75 /* Build configuration list for PBXProject "Morpheus" */ = {
			isa = XCConfigurationList;
			buildConfigurations = (
				A0C5086A2582C7C700AE3C75 /* Debug */,
				A0C5086B2582C7C700AE3C75 /* Release */,
			);
			defaultConfigurationIsVisible = 0;
			defaultConfigurationName = Release;
		};
		A0C5086C2582C7C700AE3C75 /* Build configuration list for PBXNativeTarget "Morpheus" */ = {
			isa = XCConfigurationList;
			buildConfigurations = (
				A0C5086D2582C7C700AE3C75 /* Debug */,
				A0C5086E2582C7C700AE3C75 /* Release */,
			);
			defaultConfigurationIsVisible = 0;
			defaultConfigurationName = Release;
		};
/* End XCConfigurationList section */
	};
	rootObject = A0C508502582C7C400AE3C75 /* Project object */;
}
